{
  "name": "@glorious/taslonic-monorepo",
  "version": "1.0.0",
  "lockfileVersion": 3,
  "requires": true,
  "packages": {
    "": {
      "name": "@glorious/taslonic-monorepo",
      "version": "1.0.0",
      "license": "MIT",
      "workspaces": [
        "packages/react",
        "packages/vue",
        "packages/base"
      ]
    },
    "node_modules/@glorious/taslonic-base": {
      "resolved": "packages/base",
      "link": true
    },
    "node_modules/@glorious/taslonic-react": {
      "resolved": "packages/react",
      "link": true
    },
    "node_modules/@glorious/taslonic-vue": {
      "resolved": "packages/vue",
      "link": true
    },
    "packages/base": {
      "version": "1.0.0",
      "license": "MIT",
      "devDependencies": {}
    },
    "packages/react": {
      "name": "@glorious/taslonic-react",
      "version": "1.0.0",
      "license": "MIT"
    },
    "packages/vue": {
      "name": "@glorious/taslonic-vue",
      "version": "1.0.0",
      "license": "MIT",
      "devDependencies": {}
    }
  }
}
